
Microsoft Visual Studio Solution File, Format Version 12.00
# Visual Studio Version 17
VisualStudioVersion = 17.0.31903.59
MinimumVisualStudioVersion = 10.0.40219.1
Project("{FAE04EC0-301F-11D3-BF4B-00C04F79EFBC}") = "TheLevels.Core", "Core\TheLevels.Core.csproj", "{CE51272C-6577-4EE2-9377-0EFFFDD8E68A}"
EndProject
Project("{FAE04EC0-301F-11D3-BF4B-00C04F79EFBC}") = "TheLevels.Tests", "Tests\TheLevels.Tests.csproj", "{3A5F7971-D5B1-45A1-83F7-C14CBCB2C647}"
EndProject
Project("{FAE04EC0-301F-11D3-BF4B-00C04F79EFBC}") = "TheLevels", "TheLevels.csproj", "{ADBCAD64-1854-41D7-830F-1F5F94F64B4E}"
EndProject
Global
	GlobalSection(SolutionConfigurationPlatforms) = preSolution
		Debug|Any CPU = Debug|Any CPU
		Release|Any CPU = Release|Any CPU
	EndGlobalSection
	GlobalSection(SolutionProperties) = preSolution
		HideSolutionNode = FALSE
	EndGlobalSection
	GlobalSection(ProjectConfigurationPlatforms) = postSolution
		{CE51272C-6577-4EE2-9377-0EFFFDD8E68A}.Debug|Any CPU.ActiveCfg = Debug|Any CPU
		{CE51272C-6577-4EE2-9377-0EFFFDD8E68A}.Debug|Any CPU.Build.0 = Debug|Any CPU
		{CE51272C-6577-4EE2-9377-0EFFFDD8E68A}.Release|Any CPU.ActiveCfg = Release|Any CPU
		{CE51272C-6577-4EE2-9377-0EFFFDD8E68A}.Release|Any CPU.Build.0 = Release|Any CPU
		{3A5F7971-D5B1-45A1-83F7-C14CBCB2C647}.Debug|Any CPU.ActiveCfg = Debug|Any CPU
		{3A5F7971-D5B1-45A1-83F7-C14CBCB2C647}.Debug|Any CPU.Build.0 = Debug|Any CPU
		{3A5F7971-D5B1-45A1-83F7-C14CBCB2C647}.Release|Any CPU.ActiveCfg = Release|Any CPU
		{3A5F7971-D5B1-45A1-83F7-C14CBCB2C647}.Release|Any CPU.Build.0 = Release|Any CPU
		{ADBCAD64-1854-41D7-830F-1F5F94F64B4E}.Debug|Any CPU.ActiveCfg = Debug|Any CPU
		{ADBCAD64-1854-41D7-830F-1F5F94F64B4E}.Debug|Any CPU.Build.0 = Debug|Any CPU
		{ADBCAD64-1854-41D7-830F-1F5F94F64B4E}.Release|Any CPU.ActiveCfg = Debug|Any CPU
		{ADBCAD64-1854-41D7-830F-1F5F94F64B4E}.Release|Any CPU.Build.0 = Debug|Any CPU
	EndGlobalSection
EndGlobal
